
Microsoft Visual Studio Solution File, Format Version 12.00
# Visual Studio 15
VisualStudioVersion = 15.0.28307.168
MinimumVisualStudioVersion = 10.0.40219.1
Project("{FAE04EC0-301F-11D3-BF4B-00C04F79EFBC}") = "Fail2hostDeny", "Fail2hostDeny\Fail2hostDeny.csproj", "{4CE51A1C-B50F-40DE-BABE-3C5691BC6F25}"
EndProject
Global
	GlobalSection(SolutionConfigurationPlatforms) = preSolution
		Debug|Any CPU = Debug|Any CPU
		Release|Any CPU = Release|Any CPU
	EndGlobalSection
	GlobalSection(ProjectConfigurationPlatforms) = postSolution
		{4CE51A1C-B50F-40DE-BABE-3C5691BC6F25}.Debug|Any CPU.ActiveCfg = Debug|Any CPU
		{4CE51A1C-B50F-40DE-BABE-3C5691BC6F25}.Debug|Any CPU.Build.0 = Debug|Any CPU
		{4CE51A1C-B50F-40DE-BABE-3C5691BC6F25}.Release|Any CPU.ActiveCfg = Release|Any CPU
		{4CE51A1C-B50F-40DE-BABE-3C5691BC6F25}.Release|Any CPU.Build.0 = Release|Any CPU
	EndGlobalSection
	GlobalSection(SolutionProperties) = preSolution
		HideSolutionNode = FALSE
	EndGlobalSection
	GlobalSection(ExtensibilityGlobals) = postSolution
		SolutionGuid = {25CABCF8-BDCE-4F03-8937-FB4604FBA4D6}
	EndGlobalSection
EndGlobal
